
Microsoft Visual Studio Solution File, Format Version 11.00
# Visual Studio 2010
Project("{FAE04EC0-301F-11D3-BF4B-00C04F79EFBC}") = "CqrsLearning.Domain", "src\CqrsLearning.Domain\CqrsLearning.Domain.csproj", "{5EB820BF-5803-4B26-B0CA-939092821FBF}"
EndProject
Project("{FAE04EC0-301F-11D3-BF4B-00C04F79EFBC}") = "CqrsLearning.Events", "src\CqrsLearning.Events\CqrsLearning.Events.csproj", "{9C3DA0E7-C3CA-43C1-B2F7-58555B866152}"
EndProject
Global
	GlobalSection(SolutionConfigurationPlatforms) = preSolution
		Debug|Any CPU = Debug|Any CPU
		Release|Any CPU = Release|Any CPU
	EndGlobalSection
	GlobalSection(ProjectConfigurationPlatforms) = postSolution
		{5EB820BF-5803-4B26-B0CA-939092821FBF}.Debug|Any CPU.ActiveCfg = Debug|Any CPU
		{5EB820BF-5803-4B26-B0CA-939092821FBF}.Debug|Any CPU.Build.0 = Debug|Any CPU
		{5EB820BF-5803-4B26-B0CA-939092821FBF}.Release|Any CPU.ActiveCfg = Release|Any CPU
		{5EB820BF-5803-4B26-B0CA-939092821FBF}.Release|Any CPU.Build.0 = Release|Any CPU
		{9C3DA0E7-C3CA-43C1-B2F7-58555B866152}.Debug|Any CPU.ActiveCfg = Debug|Any CPU
		{9C3DA0E7-C3CA-43C1-B2F7-58555B866152}.Debug|Any CPU.Build.0 = Debug|Any CPU
		{9C3DA0E7-C3CA-43C1-B2F7-58555B866152}.Release|Any CPU.ActiveCfg = Release|Any CPU
		{9C3DA0E7-C3CA-43C1-B2F7-58555B866152}.Release|Any CPU.Build.0 = Release|Any CPU
	EndGlobalSection
	GlobalSection(SolutionProperties) = preSolution
		HideSolutionNode = FALSE
	EndGlobalSection
EndGlobal
